
Microsoft Visual Studio Solution File, Format Version 12.00
# Visual Studio Version 16
VisualStudioVersion = 16.0.32407.337
MinimumVisualStudioVersion = 10.0.40219.1
Project("{888888A0-9F3D-457C-B088-3A5042F75D52}") = "MentoringGame", "MentoringGame.pyproj", "{672010E2-51DE-4B3F-9E3E-1E7100000D1E}"
EndProject
Global
	GlobalSection(SolutionConfigurationPlatforms) = preSolution
		Debug|Any CPU = Debug|Any CPU
		Release|Any CPU = Release|Any CPU
	EndGlobalSection
	GlobalSection(ProjectConfigurationPlatforms) = postSolution
		{672010E2-51DE-4B3F-9E3E-1E7100000D1E}.Debug|Any CPU.ActiveCfg = Debug|Any CPU
		{672010E2-51DE-4B3F-9E3E-1E7100000D1E}.Release|Any CPU.ActiveCfg = Release|Any CPU
	EndGlobalSection
	GlobalSection(SolutionProperties) = preSolution
		HideSolutionNode = FALSE
	EndGlobalSection
	GlobalSection(ExtensibilityGlobals) = postSolution
		SolutionGuid = {E1A59DA2-B82C-4236-A3B9-26669C056420}
	EndGlobalSection
EndGlobal
